
Microsoft Visual Studio Solution File, Format Version 12.00
# Visual Studio Version 17
VisualStudioVersion = 17.9.34616.47
MinimumVisualStudioVersion = 10.0.40219.1
Project("{9A19103F-16F7-4668-BE54-9A1E7A4F7556}") = "PROG_POE_Part2", "PROG_POE_Part2\PROG_POE_Part2.csproj", "{CF67A799-4206-43A9-B91B-42FFB938C945}"
EndProject
Project("{FAE04EC0-301F-11D3-BF4B-00C04F79EFBC}") = "PROG_POE_Part2.Test", "PROG_POE_Part2.Test\PROG_POE_Part2.Test.csproj", "{575ADA7D-6C20-459F-B619-1219103364FF}"
EndProject
Global
	GlobalSection(SolutionConfigurationPlatforms) = preSolution
		Debug|Any CPU = Debug|Any CPU
		Release|Any CPU = Release|Any CPU
	EndGlobalSection
	GlobalSection(ProjectConfigurationPlatforms) = postSolution
		{CF67A799-4206-43A9-B91B-42FFB938C945}.Debug|Any CPU.ActiveCfg = Debug|Any CPU
		{CF67A799-4206-43A9-B91B-42FFB938C945}.Debug|Any CPU.Build.0 = Debug|Any CPU
		{CF67A799-4206-43A9-B91B-42FFB938C945}.Release|Any CPU.ActiveCfg = Release|Any CPU
		{CF67A799-4206-43A9-B91B-42FFB938C945}.Release|Any CPU.Build.0 = Release|Any CPU
		{575ADA7D-6C20-459F-B619-1219103364FF}.Debug|Any CPU.ActiveCfg = Debug|Any CPU
		{575ADA7D-6C20-459F-B619-1219103364FF}.Debug|Any CPU.Build.0 = Debug|Any CPU
		{575ADA7D-6C20-459F-B619-1219103364FF}.Release|Any CPU.ActiveCfg = Release|Any CPU
		{575ADA7D-6C20-459F-B619-1219103364FF}.Release|Any CPU.Build.0 = Release|Any CPU
	EndGlobalSection
	GlobalSection(SolutionProperties) = preSolution
		HideSolutionNode = FALSE
	EndGlobalSection
	GlobalSection(ExtensibilityGlobals) = postSolution
		SolutionGuid = {CB5657BC-3BE8-4316-A3FC-8E84A8AAA0C5}
	EndGlobalSection
EndGlobal
